
Microsoft Visual Studio Solution File, Format Version 12.00
# Visual Studio Version 16
VisualStudioVersion = 16.0.30907.101
MinimumVisualStudioVersion = 10.0.40219.1
Project("{FAE04EC0-301F-11D3-BF4B-00C04F79EFBC}") = "StudentManagement", "StudentManagement\StudentManagement.csproj", "{D2EDED48-82FC-4FCE-B487-E2B8F7FFCC47}"
EndProject
Global
	GlobalSection(SolutionConfigurationPlatforms) = preSolution
		Debug|Any CPU = Debug|Any CPU
		Release|Any CPU = Release|Any CPU
	EndGlobalSection
	GlobalSection(ProjectConfigurationPlatforms) = postSolution
		{D2EDED48-82FC-4FCE-B487-E2B8F7FFCC47}.Debug|Any CPU.ActiveCfg = Debug|Any CPU
		{D2EDED48-82FC-4FCE-B487-E2B8F7FFCC47}.Debug|Any CPU.Build.0 = Debug|Any CPU
		{D2EDED48-82FC-4FCE-B487-E2B8F7FFCC47}.Release|Any CPU.ActiveCfg = Release|Any CPU
		{D2EDED48-82FC-4FCE-B487-E2B8F7FFCC47}.Release|Any CPU.Build.0 = Release|Any CPU
	EndGlobalSection
	GlobalSection(SolutionProperties) = preSolution
		HideSolutionNode = FALSE
	EndGlobalSection
	GlobalSection(ExtensibilityGlobals) = postSolution
		SolutionGuid = {6FBBD5E4-7ED1-4868-A682-6E8E8B33F717}
	EndGlobalSection
EndGlobal
